
Microsoft Visual Studio Solution File, Format Version 12.00
# Visual Studio Version 16
VisualStudioVersion = 16.0.30523.141
MinimumVisualStudioVersion = 10.0.40219.1
Project("{FAE04EC0-301F-11D3-BF4B-00C04F79EFBC}") = "ApiMicroservicios3", "ApiMicroservicios3\ApiMicroservicios3.csproj", "{B942845B-6942-43B6-8A9B-597932DCC031}"
EndProject
Global
	GlobalSection(SolutionConfigurationPlatforms) = preSolution
		Debug|Any CPU = Debug|Any CPU
		Release|Any CPU = Release|Any CPU
	EndGlobalSection
	GlobalSection(ProjectConfigurationPlatforms) = postSolution
		{B942845B-6942-43B6-8A9B-597932DCC031}.Debug|Any CPU.ActiveCfg = Debug|Any CPU
		{B942845B-6942-43B6-8A9B-597932DCC031}.Debug|Any CPU.Build.0 = Debug|Any CPU
		{B942845B-6942-43B6-8A9B-597932DCC031}.Release|Any CPU.ActiveCfg = Release|Any CPU
		{B942845B-6942-43B6-8A9B-597932DCC031}.Release|Any CPU.Build.0 = Release|Any CPU
	EndGlobalSection
	GlobalSection(SolutionProperties) = preSolution
		HideSolutionNode = FALSE
	EndGlobalSection
	GlobalSection(ExtensibilityGlobals) = postSolution
		SolutionGuid = {1B50B168-BFAA-4907-95F7-6C13B294348F}
	EndGlobalSection
EndGlobal
